// !$*UTF8*$!
{
	archiveVersion = 1;
	classes = {
	};
	objectVersion = 46;
	objects = {

/* Begin PBXBuildFile section */
		3A5321571B03DF9500727398 /* AppDelegate.swift in Sources */ = {isa = PBXBuildFile; fileRef = 3A5321561B03DF9500727398 /* AppDelegate.swift */; };
		3A5321591B03DF9500727398 /* ViewController.swift in Sources */ = {isa = PBXBuildFile; fileRef = 3A5321581B03DF9500727398 /* ViewController.swift */; };
		3A53215C1B03DF9500727398 /* Main.storyboard in Resources */ = {isa = PBXBuildFile; fileRef = 3A53215A1B03DF9500727398 /* Main.storyboard */; };
		3A53215E1B03DF9500727398 /* Images.xcassets in Resources */ = {isa = PBXBuildFile; fileRef = 3A53215D1B03DF9500727398 /* Images.xcassets */; };
		3A5321611B03DF9500727398 /* LaunchScreen.xib in Resources */ = {isa = PBXBuildFile; fileRef = 3A53215F1B03DF9500727398 /* LaunchScreen.xib */; };
		3A53216D1B03DF9500727398 /* CarrosTests.swift in Sources */ = {isa = PBXBuildFile; fileRef = 3A53216C1B03DF9500727398 /* CarrosTests.swift */; };
/* End PBXBuildFile section */

/* Begin PBXContainerItemProxy section */
		3A5321671B03DF9500727398 /* PBXContainerItemProxy */ = {
			isa = PBXContainerItemProxy;
			containerPortal = 3A5321491B03DF9400727398 /* Project object */;
			proxyType = 1;
			remoteGlobalIDString = 3A5321501B03DF9400727398;
			remoteInfo = Carros;
		};
/* End PBXContainerItemProxy section */

/* Begin PBXFileReference section */
		3A5321511B03DF9500727398 /* Carros.app */ = {isa = PBXFileReference; explicitFileType = wrapper.application; includeInIndex = 0; path = Carros.app; sourceTree = BUILT_PRODUCTS_DIR; };
		3A5321551B03DF9500727398 /* Info.plist */ = {isa = PBXFileReference; lastKnownFileType = text.plist.xml; path = Info.plist; sourceTree = "<group>"; };
		3A5321561B03DF9500727398 /* AppDelegate.swift */ = {isa = PBXFileReference; lastKnownFileType = sourcecode.swift; path = AppDelegate.swift; sourceTree = "<group>"; };
		3A5321581B03DF9500727398 /* ViewController.swift */ = {isa = PBXFileReference; lastKnownFileType = sourcecode.swift; path = ViewController.swift; sourceTree = "<group>"; };
		3A53215B1B03DF9500727398 /* Base */ = {isa = PBXFileReference; lastKnownFileType = file.storyboard; name = Base; path = Base.lproj/Main.storyboard; sourceTree = "<group>"; };
		3A53215D1B03DF9500727398 /* Images.xcassets */ = {isa = PBXFileReference; lastKnownFileType = folder.assetcatalog; path = Images.xcassets; sourceTree = "<group>"; };
		3A5321601B03DF9500727398 /* Base */ = {isa = PBXFileReference; lastKnownFileType = file.xib; name = Base; path = Base.lproj/LaunchScreen.xib; sourceTree = "<group>"; };
		3A5321661B03DF9500727398 /* CarrosTests.xctest */ = {isa = PBXFileReference; explicitFileType = wrapper.cfbundle; includeInIndex = 0; path = CarrosTests.xctest; sourceTree = BUILT_PRODUCTS_DIR; };
		3A53216B1B03DF9500727398 /* Info.plist */ = {isa = PBXFileReference; lastKnownFileType = text.plist.xml; path = Info.plist; sourceTree = "<group>"; };
		3A53216C1B03DF9500727398 /* CarrosTests.swift */ = {isa = PBXFileReference; lastKnownFileType = sourcecode.swift; path = CarrosTests.swift; sourceTree = "<group>"; };
/* End PBXFileReference section */

/* Begin PBXFrameworksBuildPhase section */
		3A53214E1B03DF9400727398 /* Frameworks */ = {
			isa = PBXFrameworksBuildPhase;
			buildActionMask = 2147483647;
			files = (
			);
			runOnlyForDeploymentPostprocessing = 0;
		};
		3A5321631B03DF9500727398 /* Frameworks */ = {
			isa = PBXFrameworksBuildPhase;
			buildActionMask = 2147483647;
			files = (
			);
			runOnlyForDeploymentPostprocessing = 0;
		};
/* End PBXFrameworksBuildPhase section */

/* Begin PBXGroup section */
		3A5321481B03DF9400727398 = {
			isa = PBXGroup;
			children = (
				3A5321531B03DF9500727398 /* Carros */,
				3A5321691B03DF9500727398 /* CarrosTests */,
				3A5321521B03DF9500727398 /* Products */,
			);
			sourceTree = "<group>";
		};
		3A5321521B03DF9500727398 /* Products */ = {
			isa = PBXGroup;
			children = (
				3A5321511B03DF9500727398 /* Carros.app */,
				3A5321661B03DF9500727398 /* CarrosTests.xctest */,
			);
			name = Products;
			sourceTree = "<group>";
		};
		3A5321531B03DF9500727398 /* Carros */ = {
			isa = PBXGroup;
			children = (
				3A5321561B03DF9500727398 /* AppDelegate.swift */,
				3A5321581B03DF9500727398 /* ViewController.swift */,
				3A53215A1B03DF9500727398 /* Main.storyboard */,
				3A53215D1B03DF9500727398 /* Images.xcassets */,
				3A53215F1B03DF9500727398 /* LaunchScreen.xib */,
				3A5321541B03DF9500727398 /* Supporting Files */,
			);
			path = Carros;
			sourceTree = "<group>";
		};
		3A5321541B03DF9500727398 /* Supporting Files */ = {
			isa = PBXGroup;
			children = (
				3A5321551B03DF9500727398 /* Info.plist */,
			);
			name = "Supporting Files";
			sourceTree = "<group>";
		};
		3A5321691B03DF9500727398 /* CarrosTests */ = {
			isa = PBXGroup;
			children = (
				3A53216C1B03DF9500727398 /* CarrosTests.swift */,
				3A53216A1B03DF9500727398 /* Supporting Files */,
			);
			path = CarrosTests;
			sourceTree = "<group>";
		};
		3A53216A1B03DF9500727398 /* Supporting Files */ = {
			isa = PBXGroup;
			children = (
				3A53216B1B03DF9500727398 /* Info.plist */,
			);
			name = "Supporting Files";
			sourceTree = "<group>";
		};
/* End PBXGroup section */

/* Begin PBXNativeTarget section */
		3A5321501B03DF9400727398 /* Carros */ = {
			isa = PBXNativeTarget;
			buildConfigurationList = 3A5321701B03DF9500727398 /* Build configuration list for PBXNativeTarget "Carros" */;
			buildPhases = (
				3A53214D1B03DF9400727398 /* Sources */,
				3A53214E1B03DF9400727398 /* Frameworks */,
				3A53214F1B03DF9400727398 /* Resources */,
			);
			buildRules = (
			);
			dependencies = (
			);
			name = Carros;
			productName = Carros;
			productReference = 3A5321511B03DF9500727398 /* Carros.app */;
			productType = "com.apple.product-type.application";
		};
		3A5321651B03DF9500727398 /* CarrosTests */ = {
			isa = PBXNativeTarget;
			buildConfigurationList = 3A5321731B03DF9500727398 /* Build configuration list for PBXNativeTarget "CarrosTests" */;
			buildPhases = (
				3A5321621B03DF9500727398 /* Sources */,
				3A5321631B03DF9500727398 /* Frameworks */,
				3A5321641B03DF9500727398 /* Resources */,
			);
			buildRules = (
			);
			dependencies = (
				3A5321681B03DF9500727398 /* PBXTargetDependency */,
			);
			name = CarrosTests;
			productName = CarrosTests;
			productReference = 3A5321661B03DF9500727398 /* CarrosTests.xctest */;
			productType = "com.apple.product-type.bundle.unit-test";
		};
/* End PBXNativeTarget section */

/* Begin PBXProject section */
		3A5321491B03DF9400727398 /* Project object */ = {
			isa = PBXProject;
			attributes = {
				LastUpgradeCheck = 0610;
				ORGANIZATIONNAME = PZaN;
				TargetAttributes = {
					3A5321501B03DF9400727398 = {
						CreatedOnToolsVersion = 6.1.1;
					};
					3A5321651B03DF9500727398 = {
						CreatedOnToolsVersion = 6.1.1;
						TestTargetID = 3A5321501B03DF9400727398;
					};
				};
			};
			buildConfigurationList = 3A53214C1B03DF9400727398 /* Build configuration list for PBXProject "Carros" */;
			compatibilityVersion = "Xcode 3.2";
			developmentRegion = English;
			hasScannedForEncodings = 0;
			knownRegions = (
				en,
				Base,
			);
			mainGroup = 3A5321481B03DF9400727398;
			productRefGroup = 3A5321521B03DF9500727398 /* Products */;
			projectDirPath = "";
			projectRoot = "";
			targets = (
				3A5321501B03DF9400727398 /* Carros */,
				3A5321651B03DF9500727398 /* CarrosTests */,
			);
		};
/* End PBXProject section */

/* Begin PBXResourcesBuildPhase section */
		3A53214F1B03DF9400727398 /* Resources */ = {
			isa = PBXResourcesBuildPhase;
			buildActionMask = 2147483647;
			files = (
				3A53215C1B03DF9500727398 /* Main.storyboard in Resources */,
				3A5321611B03DF9500727398 /* LaunchScreen.xib in Resources */,
				3A53215E1B03DF9500727398 /* Images.xcassets in Resources */,
			);
			runOnlyForDeploymentPostprocessing = 0;
		};
		3A5321641B03DF9500727398 /* Resources */ = {
			isa = PBXResourcesBuildPhase;
			buildActionMask = 2147483647;
			files = (
			);
			runOnlyForDeploymentPostprocessing = 0;
		};
/* End PBXResourcesBuildPhase section */

/* Begin PBXSourcesBuildPhase section */
		3A53214D1B03DF9400727398 /* Sources */ = {
			isa = PBXSourcesBuildPhase;
			buildActionMask = 2147483647;
			files = (
				3A5321591B03DF9500727398 /* ViewController.swift in Sources */,
				3A5321571B03DF9500727398 /* AppDelegate.swift in Sources */,
			);
			runOnlyForDeploymentPostprocessing = 0;
		};
		3A5321621B03DF9500727398 /* Sources */ = {
			isa = PBXSourcesBuildPhase;
			buildActionMask = 2147483647;
			files = (
				3A53216D1B03DF9500727398 /* CarrosTests.swift in Sources */,
			);
			runOnlyForDeploymentPostprocessing = 0;
		};
/* End PBXSourcesBuildPhase section */

/* Begin PBXTargetDependency section */
		3A5321681B03DF9500727398 /* PBXTargetDependency */ = {
			isa = PBXTargetDependency;
			target = 3A5321501B03DF9400727398 /* Carros */;
			targetProxy = 3A5321671B03DF9500727398 /* PBXContainerItemProxy */;
		};
/* End PBXTargetDependency section */

/* Begin PBXVariantGroup section */
		3A53215A1B03DF9500727398 /* Main.storyboard */ = {
			isa = PBXVariantGroup;
			children = (
				3A53215B1B03DF9500727398 /* Base */,
			);
			name = Main.storyboard;
			sourceTree = "<group>";
		};
		3A53215F1B03DF9500727398 /* LaunchScreen.xib */ = {
			isa = PBXVariantGroup;
			children = (
				3A5321601B03DF9500727398 /* Base */,
			);
			name = LaunchScreen.xib;
			sourceTree = "<group>";
		};
/* End PBXVariantGroup section */

/* Begin XCBuildConfiguration section */
		3A53216E1B03DF9500727398 /* Debug */ = {
			isa = XCBuildConfiguration;
			buildSettings = {
				ALWAYS_SEARCH_USER_PATHS = NO;
				CLANG_CXX_LANGUAGE_STANDARD = "gnu++0x";
				CLANG_CXX_LIBRARY = "libc++";
				CLANG_ENABLE_MODULES = YES;
				CLANG_ENABLE_OBJC_ARC = YES;
				CLANG_WARN_BOOL_CONVERSION = YES;
				CLANG_WARN_CONSTANT_CONVERSION = YES;
				CLANG_WARN_DIRECT_OBJC_ISA_USAGE = YES_ERROR;
				CLANG_WARN_EMPTY_BODY = YES;
				CLANG_WARN_ENUM_CONVERSION = YES;
				CLANG_WARN_INT_CONVERSION = YES;
				CLANG_WARN_OBJC_ROOT_CLASS = YES_ERROR;
				CLANG_WARN_UNREACHABLE_CODE = YES;
				CLANG_WARN__DUPLICATE_METHOD_MATCH = YES;
				"CODE_SIGN_IDENTITY[sdk=iphoneos*]" = "iPhone Developer";
				COPY_PHASE_STRIP = NO;
				ENABLE_STRICT_OBJC_MSGSEND = YES;
				GCC_C_LANGUAGE_STANDARD = gnu99;
				GCC_DYNAMIC_NO_PIC = NO;
				GCC_OPTIMIZATION_LEVEL = 0;
				GCC_PREPROCESSOR_DEFINITIONS = (
					"DEBUG=1",
					"$(inherited)",
				);
				GCC_SYMBOLS_PRIVATE_EXTERN = NO;
				GCC_WARN_64_TO_32_BIT_CONVERSION = YES;
				GCC_WARN_ABOUT_RETURN_TYPE = YES_ERROR;
				GCC_WARN_UNDECLARED_SELECTOR = YES;
				GCC_WARN_UNINITIALIZED_AUTOS = YES_AGGRESSIVE;
				GCC_WARN_UNUSED_FUNCTION = YES;
				GCC_WARN_UNUSED_VARIABLE = YES;
				IPHONEOS_DEPLOYMENT_TARGET = 8.1;
				MTL_ENABLE_DEBUG_INFO = YES;
				ONLY_ACTIVE_ARCH = YES;
				SDKROOT = iphoneos;
				SWIFT_OPTIMIZATION_LEVEL = "-Onone";
				TARGETED_DEVICE_FAMILY = "1,2";
			};
			name = Debug;
		};
		3A53216F1B03DF9500727398 /* Release */ = {
			isa = XCBuildConfiguration;
			buildSettings = {
				ALWAYS_SEARCH_USER_PATHS = NO;
				CLANG_CXX_LANGUAGE_STANDARD = "gnu++0x";
				CLANG_CXX_LIBRARY = "libc++";
				CLANG_ENABLE_MODULES = YES;
				CLANG_ENABLE_OBJC_ARC = YES;
				CLANG_WARN_BOOL_CONVERSION = YES;
				CLANG_WARN_CONSTANT_CONVERSION = YES;
				CLANG_WARN_DIRECT_OBJC_ISA_USAGE = YES_ERROR;
				CLANG_WARN_EMPTY_BODY = YES;
				CLANG_WARN_ENUM_CONVERSION = YES;
				CLANG_WARN_INT_CONVERSION = YES;
				CLANG_WARN_OBJC_ROOT_CLASS = YES_ERROR;
				CLANG_WARN_UNREACHABLE_CODE = YES;
				CLANG_WARN__DUPLICATE_METHOD_MATCH = YES;
				"CODE_SIGN_IDENTITY[sdk=iphoneos*]" = "iPhone Developer";
				COPY_PHASE_STRIP = YES;
				ENABLE_NS_ASSERTIONS = NO;
				ENABLE_STRICT_OBJC_MSGSEND = YES;
				GCC_C_LANGUAGE_STANDARD = gnu99;
				GCC_WARN_64_TO_32_BIT_CONVERSION = YES;
				GCC_WARN_ABOUT_RETURN_TYPE = YES_ERROR;
				GCC_WARN_UNDECLARED_SELECTOR = YES;
				GCC_WARN_UNINITIALIZED_AUTOS = YES_AGGRESSIVE;
				GCC_WARN_UNUSED_FUNCTION = YES;
				GCC_WARN_UNUSED_VARIABLE = YES;
				IPHONEOS_DEPLOYMENT_TARGET = 8.1;
				MTL_ENABLE_DEBUG_INFO = NO;
				SDKROOT = iphoneos;
				TARGETED_DEVICE_FAMILY = "1,2";
				VALIDATE_PRODUCT = YES;
			};
			name = Release;
		};
		3A5321711B03DF9500727398 /* Debug */ = {
			isa = XCBuildConfiguration;
			buildSettings = {
				ASSETCATALOG_COMPILER_APPICON_NAME = AppIcon;
				INFOPLIST_FILE = Carros/Info.plist;
				LD_RUNPATH_SEARCH_PATHS = "$(inherited) @executable_path/Frameworks";
				PRODUCT_NAME = "$(TARGET_NAME)";
			};
			name = Debug;
		};
		3A5321721B03DF9500727398 /* Release */ = {
			isa = XCBuildConfiguration;
			buildSettings = {
				ASSETCATALOG_COMPILER_APPICON_NAME = AppIcon;
				INFOPLIST_FILE = Carros/Info.plist;
				LD_RUNPATH_SEARCH_PATHS = "$(inherited) @executable_path/Frameworks";
				PRODUCT_NAME = "$(TARGET_NAME)";
			};
			name = Release;
		};
		3A5321741B03DF9500727398 /* Debug */ = {
			isa = XCBuildConfiguration;
			buildSettings = {
				BUNDLE_LOADER = "$(TEST_HOST)";
				FRAMEWORK_SEARCH_PATHS = (
					"$(SDKROOT)/Developer/Library/Frameworks",
					"$(inherited)",
				);
				GCC_PREPROCESSOR_DEFINITIONS = (
					"DEBUG=1",
					"$(inherited)",
				);
				INFOPLIST_FILE = CarrosTests/Info.plist;
				LD_RUNPATH_SEARCH_PATHS = "$(inherited) @executable_path/Frameworks @loader_path/Frameworks";
				PRODUCT_NAME = "$(TARGET_NAME)";
				TEST_HOST = "$(BUILT_PRODUCTS_DIR)/Carros.app/Carros";
			};
			name = Debug;
		};
		3A5321751B03DF9500727398 /* Release */ = {
			isa = XCBuildConfiguration;
			buildSettings = {
				BUNDLE_LOADER = "$(TEST_HOST)";
				FRAMEWORK_SEARCH_PATHS = (
					"$(SDKROOT)/Developer/Library/Frameworks",
					"$(inherited)",
				);
				INFOPLIST_FILE = CarrosTests/Info.plist;
				LD_RUNPATH_SEARCH_PATHS = "$(inherited) @executable_path/Frameworks @loader_path/Frameworks";
				PRODUCT_NAME = "$(TARGET_NAME)";
				TEST_HOST = "$(BUILT_PRODUCTS_DIR)/Carros.app/Carros";
			};
			name = Release;
		};
/* End XCBuildConfiguration section */

/* Begin XCConfigurationList section */
		3A53214C1B03DF9400727398 /* Build configuration list for PBXProject "Carros" */ = {
			isa = XCConfigurationList;
			buildConfigurations = (
				3A53216E1B03DF9500727398 /* Debug */,
				3A53216F1B03DF9500727398 /* Release */,
			);
			defaultConfigurationIsVisible = 0;
			defaultConfigurationName = Release;
		};
		3A5321701B03DF9500727398 /* Build configuration list for PBXNativeTarget "Carros" */ = {
			isa = XCConfigurationList;
			buildConfigurations = (
				3A5321711B03DF9500727398 /* Debug */,
				3A5321721B03DF9500727398 /* Release */,
			);
			defaultConfigurationIsVisible = 0;
		};
		3A5321731B03DF9500727398 /* Build configuration list for PBXNativeTarget "CarrosTests" */ = {
			isa = XCConfigurationList;
			buildConfigurations = (
				3A5321741B03DF9500727398 /* Debug */,
				3A5321751B03DF9500727398 /* Release */,
			);
			defaultConfigurationIsVisible = 0;
		};
/* End XCConfigurationList section */
	};
	rootObject = 3A5321491B03DF9400727398 /* Project object */;
}
